
Microsoft Visual Studio Solution File, Format Version 12.00
# Visual Studio Version 16
VisualStudioVersion = 16.0.29209.152
MinimumVisualStudioVersion = 10.0.40219.1
Project("{9A19103F-16F7-4668-BE54-9A1E7A4F7556}") = "HelpMoto.Common", "HelpMoto.Common\HelpMoto.Common.csproj", "{23BE9C4F-4EB6-4870-BEBA-4C56A6739012}"
EndProject
Project("{9A19103F-16F7-4668-BE54-9A1E7A4F7556}") = "HelpMoto.Web", "HelpMoto.Web\HelpMoto.Web.csproj", "{C2E33C78-79AE-4C56-BA8B-18DA49069D74}"
EndProject
Project("{FAE04EC0-301F-11D3-BF4B-00C04F79EFBC}") = "HelpMoto.Prism", "HelpMoto.Prism\HelpMoto.Prism\HelpMoto.Prism.csproj", "{F029C905-4B7C-4EE1-BFA0-9647BAA81402}"
EndProject
Project("{FAE04EC0-301F-11D3-BF4B-00C04F79EFBC}") = "HelpMoto.Prism.Android", "HelpMoto.Prism\HelpMoto.Prism.Android\HelpMoto.Prism.Android.csproj", "{2FCFDF1E-8C3E-4CB9-A302-7C820A9BD4DF}"
EndProject
Project("{FAE04EC0-301F-11D3-BF4B-00C04F79EFBC}") = "HelpMoto.Prism.iOS", "HelpMoto.Prism\HelpMoto.Prism.iOS\HelpMoto.Prism.iOS.csproj", "{DE885690-8A5D-488E-8651-51AAC9ABAC0E}"
EndProject
Global
	GlobalSection(SolutionConfigurationPlatforms) = preSolution
		Ad-Hoc|Any CPU = Ad-Hoc|Any CPU
		Ad-Hoc|iPhone = Ad-Hoc|iPhone
		Ad-Hoc|iPhoneSimulator = Ad-Hoc|iPhoneSimulator
		AppStore|Any CPU = AppStore|Any CPU
		AppStore|iPhone = AppStore|iPhone
		AppStore|iPhoneSimulator = AppStore|iPhoneSimulator
		Debug|Any CPU = Debug|Any CPU
		Debug|iPhone = Debug|iPhone
		Debug|iPhoneSimulator = Debug|iPhoneSimulator
		Release|Any CPU = Release|Any CPU
		Release|iPhone = Release|iPhone
		Release|iPhoneSimulator = Release|iPhoneSimulator
	EndGlobalSection
	GlobalSection(ProjectConfigurationPlatforms) = postSolution
		{23BE9C4F-4EB6-4870-BEBA-4C56A6739012}.Ad-Hoc|Any CPU.ActiveCfg = Release|Any CPU
		{23BE9C4F-4EB6-4870-BEBA-4C56A6739012}.Ad-Hoc|Any CPU.Build.0 = Release|Any CPU
		{23BE9C4F-4EB6-4870-BEBA-4C56A6739012}.Ad-Hoc|iPhone.ActiveCfg = Release|Any CPU
		{23BE9C4F-4EB6-4870-BEBA-4C56A6739012}.Ad-Hoc|iPhone.Build.0 = Release|Any CPU
		{23BE9C4F-4EB6-4870-BEBA-4C56A6739012}.Ad-Hoc|iPhoneSimulator.ActiveCfg = Release|Any CPU
		{23BE9C4F-4EB6-4870-BEBA-4C56A6739012}.Ad-Hoc|iPhoneSimulator.Build.0 = Release|Any CPU
		{23BE9C4F-4EB6-4870-BEBA-4C56A6739012}.AppStore|Any CPU.ActiveCfg = Release|Any CPU
		{23BE9C4F-4EB6-4870-BEBA-4C56A6739012}.AppStore|Any CPU.Build.0 = Release|Any CPU
		{23BE9C4F-4EB6-4870-BEBA-4C56A6739012}.AppStore|iPhone.ActiveCfg = Release|Any CPU
		{23BE9C4F-4EB6-4870-BEBA-4C56A6739012}.AppStore|iPhone.Build.0 = Release|Any CPU
		{23BE9C4F-4EB6-4870-BEBA-4C56A6739012}.AppStore|iPhoneSimulator.ActiveCfg = Release|Any CPU
		{23BE9C4F-4EB6-4870-BEBA-4C56A6739012}.AppStore|iPhoneSimulator.Build.0 = Release|Any CPU
		{23BE9C4F-4EB6-4870-BEBA-4C56A6739012}.Debug|Any CPU.ActiveCfg = Debug|Any CPU
		{23BE9C4F-4EB6-4870-BEBA-4C56A6739012}.Debug|Any CPU.Build.0 = Debug|Any CPU
		{23BE9C4F-4EB6-4870-BEBA-4C56A6739012}.Debug|iPhone.ActiveCfg = Debug|Any CPU
		{23BE9C4F-4EB6-4870-BEBA-4C56A6739012}.Debug|iPhone.Build.0 = Debug|Any CPU
		{23BE9C4F-4EB6-4870-BEBA-4C56A6739012}.Debug|iPhoneSimulator.ActiveCfg = Debug|Any CPU
		{23BE9C4F-4EB6-4870-BEBA-4C56A6739012}.Debug|iPhoneSimulator.Build.0 = Debug|Any CPU
		{23BE9C4F-4EB6-4870-BEBA-4C56A6739012}.Release|Any CPU.ActiveCfg = Release|Any CPU
		{23BE9C4F-4EB6-4870-BEBA-4C56A6739012}.Release|Any CPU.Build.0 = Release|Any CPU
		{23BE9C4F-4EB6-4870-BEBA-4C56A6739012}.Release|iPhone.ActiveCfg = Release|Any CPU
		{23BE9C4F-4EB6-4870-BEBA-4C56A6739012}.Release|iPhone.Build.0 = Release|Any CPU
		{23BE9C4F-4EB6-4870-BEBA-4C56A6739012}.Release|iPhoneSimulator.ActiveCfg = Release|Any CPU
		{23BE9C4F-4EB6-4870-BEBA-4C56A6739012}.Release|iPhoneSimulator.Build.0 = Release|Any CPU
		{C2E33C78-79AE-4C56-BA8B-18DA49069D74}.Ad-Hoc|Any CPU.ActiveCfg = Release|Any CPU
		{C2E33C78-79AE-4C56-BA8B-18DA49069D74}.Ad-Hoc|Any CPU.Build.0 = Release|Any CPU
		{C2E33C78-79AE-4C56-BA8B-18DA49069D74}.Ad-Hoc|iPhone.ActiveCfg = Release|Any CPU
		{C2E33C78-79AE-4C56-BA8B-18DA49069D74}.Ad-Hoc|iPhone.Build.0 = Release|Any CPU
		{C2E33C78-79AE-4C56-BA8B-18DA49069D74}.Ad-Hoc|iPhoneSimulator.ActiveCfg = Release|Any CPU
		{C2E33C78-79AE-4C56-BA8B-18DA49069D74}.Ad-Hoc|iPhoneSimulator.Build.0 = Release|Any CPU
		{C2E33C78-79AE-4C56-BA8B-18DA49069D74}.AppStore|Any CPU.ActiveCfg = Release|Any CPU
		{C2E33C78-79AE-4C56-BA8B-18DA49069D74}.AppStore|Any CPU.Build.0 = Release|Any CPU
		{C2E33C78-79AE-4C56-BA8B-18DA49069D74}.AppStore|iPhone.ActiveCfg = Release|Any CPU
		{C2E33C78-79AE-4C56-BA8B-18DA49069D74}.AppStore|iPhone.Build.0 = Release|Any CPU
		{C2E33C78-79AE-4C56-BA8B-18DA49069D74}.AppStore|iPhoneSimulator.ActiveCfg = Release|Any CPU
		{C2E33C78-79AE-4C56-BA8B-18DA49069D74}.AppStore|iPhoneSimulator.Build.0 = Release|Any CPU
		{C2E33C78-79AE-4C56-BA8B-18DA49069D74}.Debug|Any CPU.ActiveCfg = Debug|Any CPU
		{C2E33C78-79AE-4C56-BA8B-18DA49069D74}.Debug|Any CPU.Build.0 = Debug|Any CPU
		{C2E33C78-79AE-4C56-BA8B-18DA49069D74}.Debug|iPhone.ActiveCfg = Debug|Any CPU
		{C2E33C78-79AE-4C56-BA8B-18DA49069D74}.Debug|iPhone.Build.0 = Debug|Any CPU
		{C2E33C78-79AE-4C56-BA8B-18DA49069D74}.Debug|iPhoneSimulator.ActiveCfg = Debug|Any CPU
		{C2E33C78-79AE-4C56-BA8B-18DA49069D74}.Debug|iPhoneSimulator.Build.0 = Debug|Any CPU
		{C2E33C78-79AE-4C56-BA8B-18DA49069D74}.Release|Any CPU.ActiveCfg = Release|Any CPU
		{C2E33C78-79AE-4C56-BA8B-18DA49069D74}.Release|Any CPU.Build.0 = Release|Any CPU
		{C2E33C78-79AE-4C56-BA8B-18DA49069D74}.Release|iPhone.ActiveCfg = Release|Any CPU
		{C2E33C78-79AE-4C56-BA8B-18DA49069D74}.Release|iPhone.Build.0 = Release|Any CPU
		{C2E33C78-79AE-4C56-BA8B-18DA49069D74}.Release|iPhoneSimulator.ActiveCfg = Release|Any CPU
		{C2E33C78-79AE-4C56-BA8B-18DA49069D74}.Release|iPhoneSimulator.Build.0 = Release|Any CPU
		{F029C905-4B7C-4EE1-BFA0-9647BAA81402}.Ad-Hoc|Any CPU.ActiveCfg = Debug|Any CPU
		{F029C905-4B7C-4EE1-BFA0-9647BAA81402}.Ad-Hoc|Any CPU.Build.0 = Debug|Any CPU
		{F029C905-4B7C-4EE1-BFA0-9647BAA81402}.Ad-Hoc|iPhone.ActiveCfg = Debug|Any CPU
		{F029C905-4B7C-4EE1-BFA0-9647BAA81402}.Ad-Hoc|iPhone.Build.0 = Debug|Any CPU
		{F029C905-4B7C-4EE1-BFA0-9647BAA81402}.Ad-Hoc|iPhoneSimulator.ActiveCfg = Debug|Any CPU
		{F029C905-4B7C-4EE1-BFA0-9647BAA81402}.Ad-Hoc|iPhoneSimulator.Build.0 = Debug|Any CPU
		{F029C905-4B7C-4EE1-BFA0-9647BAA81402}.AppStore|Any CPU.ActiveCfg = Debug|Any CPU
		{F029C905-4B7C-4EE1-BFA0-9647BAA81402}.AppStore|Any CPU.Build.0 = Debug|Any CPU
		{F029C905-4B7C-4EE1-BFA0-9647BAA81402}.AppStore|iPhone.ActiveCfg = Debug|Any CPU
		{F029C905-4B7C-4EE1-BFA0-9647BAA81402}.AppStore|iPhone.Build.0 = Debug|Any CPU
		{F029C905-4B7C-4EE1-BFA0-9647BAA81402}.AppStore|iPhoneSimulator.ActiveCfg = Debug|Any CPU
		{F029C905-4B7C-4EE1-BFA0-9647BAA81402}.AppStore|iPhoneSimulator.Build.0 = Debug|Any CPU
		{F029C905-4B7C-4EE1-BFA0-9647BAA81402}.Debug|Any CPU.ActiveCfg = Debug|Any CPU
		{F029C905-4B7C-4EE1-BFA0-9647BAA81402}.Debug|Any CPU.Build.0 = Debug|Any CPU
		{F029C905-4B7C-4EE1-BFA0-9647BAA81402}.Debug|iPhone.ActiveCfg = Debug|Any CPU
		{F029C905-4B7C-4EE1-BFA0-9647BAA81402}.Debug|iPhone.Build.0 = Debug|Any CPU
		{F029C905-4B7C-4EE1-BFA0-9647BAA81402}.Debug|iPhoneSimulator.ActiveCfg = Debug|Any CPU
		{F029C905-4B7C-4EE1-BFA0-9647BAA81402}.Debug|iPhoneSimulator.Build.0 = Debug|Any CPU
		{F029C905-4B7C-4EE1-BFA0-9647BAA81402}.Release|Any CPU.ActiveCfg = Release|Any CPU
		{F029C905-4B7C-4EE1-BFA0-9647BAA81402}.Release|Any CPU.Build.0 = Release|Any CPU
		{F029C905-4B7C-4EE1-BFA0-9647BAA81402}.Release|iPhone.ActiveCfg = Release|Any CPU
		{F029C905-4B7C-4EE1-BFA0-9647BAA81402}.Release|iPhone.Build.0 = Release|Any CPU
		{F029C905-4B7C-4EE1-BFA0-9647BAA81402}.Release|iPhoneSimulator.ActiveCfg = Release|Any CPU
		{F029C905-4B7C-4EE1-BFA0-9647BAA81402}.Release|iPhoneSimulator.Build.0 = Release|Any CPU
		{2FCFDF1E-8C3E-4CB9-A302-7C820A9BD4DF}.Ad-Hoc|Any CPU.ActiveCfg = Release|Any CPU
		{2FCFDF1E-8C3E-4CB9-A302-7C820A9BD4DF}.Ad-Hoc|Any CPU.Build.0 = Release|Any CPU
		{2FCFDF1E-8C3E-4CB9-A302-7C820A9BD4DF}.Ad-Hoc|Any CPU.Deploy.0 = Release|Any CPU
		{2FCFDF1E-8C3E-4CB9-A302-7C820A9BD4DF}.Ad-Hoc|iPhone.ActiveCfg = Release|Any CPU
		{2FCFDF1E-8C3E-4CB9-A302-7C820A9BD4DF}.Ad-Hoc|iPhone.Build.0 = Release|Any CPU
		{2FCFDF1E-8C3E-4CB9-A302-7C820A9BD4DF}.Ad-Hoc|iPhone.Deploy.0 = Release|Any CPU
		{2FCFDF1E-8C3E-4CB9-A302-7C820A9BD4DF}.Ad-Hoc|iPhoneSimulator.ActiveCfg = Release|Any CPU
		{2FCFDF1E-8C3E-4CB9-A302-7C820A9BD4DF}.Ad-Hoc|iPhoneSimulator.Build.0 = Release|Any CPU
		{2FCFDF1E-8C3E-4CB9-A302-7C820A9BD4DF}.Ad-Hoc|iPhoneSimulator.Deploy.0 = Release|Any CPU
		{2FCFDF1E-8C3E-4CB9-A302-7C820A9BD4DF}.AppStore|Any CPU.ActiveCfg = Release|Any CPU
		{2FCFDF1E-8C3E-4CB9-A302-7C820A9BD4DF}.AppStore|Any CPU.Build.0 = Release|Any CPU
		{2FCFDF1E-8C3E-4CB9-A302-7C820A9BD4DF}.AppStore|Any CPU.Deploy.0 = Release|Any CPU
		{2FCFDF1E-8C3E-4CB9-A302-7C820A9BD4DF}.AppStore|iPhone.ActiveCfg = Release|Any CPU
		{2FCFDF1E-8C3E-4CB9-A302-7C820A9BD4DF}.AppStore|iPhone.Build.0 = Release|Any CPU
		{2FCFDF1E-8C3E-4CB9-A302-7C820A9BD4DF}.AppStore|iPhone.Deploy.0 = Release|Any CPU
		{2FCFDF1E-8C3E-4CB9-A302-7C820A9BD4DF}.AppStore|iPhoneSimulator.ActiveCfg = Release|Any CPU
		{2FCFDF1E-8C3E-4CB9-A302-7C820A9BD4DF}.AppStore|iPhoneSimulator.Build.0 = Release|Any CPU
		{2FCFDF1E-8C3E-4CB9-A302-7C820A9BD4DF}.AppStore|iPhoneSimulator.Deploy.0 = Release|Any CPU
		{2FCFDF1E-8C3E-4CB9-A302-7C820A9BD4DF}.Debug|Any CPU.ActiveCfg = Debug|Any CPU
		{2FCFDF1E-8C3E-4CB9-A302-7C820A9BD4DF}.Debug|Any CPU.Build.0 = Debug|Any CPU
		{2FCFDF1E-8C3E-4CB9-A302-7C820A9BD4DF}.Debug|Any CPU.Deploy.0 = Debug|Any CPU
		{2FCFDF1E-8C3E-4CB9-A302-7C820A9BD4DF}.Debug|iPhone.ActiveCfg = Debug|Any CPU
		{2FCFDF1E-8C3E-4CB9-A302-7C820A9BD4DF}.Debug|iPhone.Build.0 = Debug|Any CPU
		{2FCFDF1E-8C3E-4CB9-A302-7C820A9BD4DF}.Debug|iPhone.Deploy.0 = Debug|Any CPU
		{2FCFDF1E-8C3E-4CB9-A302-7C820A9BD4DF}.Debug|iPhoneSimulator.ActiveCfg = Debug|Any CPU
		{2FCFDF1E-8C3E-4CB9-A302-7C820A9BD4DF}.Debug|iPhoneSimulator.Build.0 = Debug|Any CPU
		{2FCFDF1E-8C3E-4CB9-A302-7C820A9BD4DF}.Debug|iPhoneSimulator.Deploy.0 = Debug|Any CPU
		{2FCFDF1E-8C3E-4CB9-A302-7C820A9BD4DF}.Release|Any CPU.ActiveCfg = Release|Any CPU
		{2FCFDF1E-8C3E-4CB9-A302-7C820A9BD4DF}.Release|Any CPU.Build.0 = Release|Any CPU
		{2FCFDF1E-8C3E-4CB9-A302-7C820A9BD4DF}.Release|Any CPU.Deploy.0 = Release|Any CPU
		{2FCFDF1E-8C3E-4CB9-A302-7C820A9BD4DF}.Release|iPhone.ActiveCfg = Release|Any CPU
		{2FCFDF1E-8C3E-4CB9-A302-7C820A9BD4DF}.Release|iPhone.Build.0 = Release|Any CPU
		{2FCFDF1E-8C3E-4CB9-A302-7C820A9BD4DF}.Release|iPhone.Deploy.0 = Release|Any CPU
		{2FCFDF1E-8C3E-4CB9-A302-7C820A9BD4DF}.Release|iPhoneSimulator.ActiveCfg = Release|Any CPU
		{2FCFDF1E-8C3E-4CB9-A302-7C820A9BD4DF}.Release|iPhoneSimulator.Build.0 = Release|Any CPU
		{2FCFDF1E-8C3E-4CB9-A302-7C820A9BD4DF}.Release|iPhoneSimulator.Deploy.0 = Release|Any CPU
		{DE885690-8A5D-488E-8651-51AAC9ABAC0E}.Ad-Hoc|Any CPU.ActiveCfg = Ad-Hoc|iPhone
		{DE885690-8A5D-488E-8651-51AAC9ABAC0E}.Ad-Hoc|iPhone.ActiveCfg = Ad-Hoc|iPhone
		{DE885690-8A5D-488E-8651-51AAC9ABAC0E}.Ad-Hoc|iPhone.Build.0 = Ad-Hoc|iPhone
		{DE885690-8A5D-488E-8651-51AAC9ABAC0E}.Ad-Hoc|iPhoneSimulator.ActiveCfg = Ad-Hoc|iPhoneSimulator
		{DE885690-8A5D-488E-8651-51AAC9ABAC0E}.Ad-Hoc|iPhoneSimulator.Build.0 = Ad-Hoc|iPhoneSimulator
		{DE885690-8A5D-488E-8651-51AAC9ABAC0E}.AppStore|Any CPU.ActiveCfg = AppStore|iPhone
		{DE885690-8A5D-488E-8651-51AAC9ABAC0E}.AppStore|iPhone.ActiveCfg = AppStore|iPhone
		{DE885690-8A5D-488E-8651-51AAC9ABAC0E}.AppStore|iPhone.Build.0 = AppStore|iPhone
		{DE885690-8A5D-488E-8651-51AAC9ABAC0E}.AppStore|iPhoneSimulator.ActiveCfg = AppStore|iPhoneSimulator
		{DE885690-8A5D-488E-8651-51AAC9ABAC0E}.AppStore|iPhoneSimulator.Build.0 = AppStore|iPhoneSimulator
		{DE885690-8A5D-488E-8651-51AAC9ABAC0E}.Debug|Any CPU.ActiveCfg = Debug|iPhone
		{DE885690-8A5D-488E-8651-51AAC9ABAC0E}.Debug|iPhone.ActiveCfg = Debug|iPhone
		{DE885690-8A5D-488E-8651-51AAC9ABAC0E}.Debug|iPhone.Build.0 = Debug|iPhone
		{DE885690-8A5D-488E-8651-51AAC9ABAC0E}.Debug|iPhoneSimulator.ActiveCfg = Debug|iPhoneSimulator
		{DE885690-8A5D-488E-8651-51AAC9ABAC0E}.Debug|iPhoneSimulator.Build.0 = Debug|iPhoneSimulator
		{DE885690-8A5D-488E-8651-51AAC9ABAC0E}.Release|Any CPU.ActiveCfg = Release|iPhone
		{DE885690-8A5D-488E-8651-51AAC9ABAC0E}.Release|iPhone.ActiveCfg = Release|iPhone
		{DE885690-8A5D-488E-8651-51AAC9ABAC0E}.Release|iPhone.Build.0 = Release|iPhone
		{DE885690-8A5D-488E-8651-51AAC9ABAC0E}.Release|iPhoneSimulator.ActiveCfg = Release|iPhoneSimulator
		{DE885690-8A5D-488E-8651-51AAC9ABAC0E}.Release|iPhoneSimulator.Build.0 = Release|iPhoneSimulator
	EndGlobalSection
	GlobalSection(SolutionProperties) = preSolution
		HideSolutionNode = FALSE
	EndGlobalSection
	GlobalSection(ExtensibilityGlobals) = postSolution
		SolutionGuid = {F87BF41A-6C96-4EAD-A8F2-72AFD967AAF8}
	EndGlobalSection
EndGlobal
