
Microsoft Visual Studio Solution File, Format Version 12.00
# Visual Studio Version 16
VisualStudioVersion = 16.0.29209.152
MinimumVisualStudioVersion = 10.0.40219.1
Project("{9A19103F-16F7-4668-BE54-9A1E7A4F7556}") = "HelpMoto.Common", "HelpMoto.Common\HelpMoto.Common.csproj", "{23BE9C4F-4EB6-4870-BEBA-4C56A6739012}"
EndProject
Project("{9A19103F-16F7-4668-BE54-9A1E7A4F7556}") = "HelpMoto.Web", "HelpMoto.Web\HelpMoto.Web.csproj", "{C2E33C78-79AE-4C56-BA8B-18DA49069D74}"
EndProject
Project("{FAE04EC0-301F-11D3-BF4B-00C04F79EFBC}") = "HelpMoto.Prism", "HelpMoto.Prism\HelpMoto.Prism\HelpMoto.Prism.csproj", "{46B74D6B-6A99-46D2-BE9D-194D04A9CC9B}"
EndProject
Project("{FAE04EC0-301F-11D3-BF4B-00C04F79EFBC}") = "HelpMoto.Prism.Android", "HelpMoto.Prism\HelpMoto.Prism.Android\HelpMoto.Prism.Android.csproj", "{9AF36C07-F3E1-430F-8FEA-CEC8C3FAAE36}"
EndProject
Project("{FAE04EC0-301F-11D3-BF4B-00C04F79EFBC}") = "HelpMoto.Prism.iOS", "HelpMoto.Prism\HelpMoto.Prism.iOS\HelpMoto.Prism.iOS.csproj", "{AD0FAE7C-14AB-4A7F-B8DA-BED109DA6291}"
EndProject
Global
	GlobalSection(SolutionConfigurationPlatforms) = preSolution
		Ad-Hoc|Any CPU = Ad-Hoc|Any CPU
		Ad-Hoc|iPhone = Ad-Hoc|iPhone
		Ad-Hoc|iPhoneSimulator = Ad-Hoc|iPhoneSimulator
		AppStore|Any CPU = AppStore|Any CPU
		AppStore|iPhone = AppStore|iPhone
		AppStore|iPhoneSimulator = AppStore|iPhoneSimulator
		Debug|Any CPU = Debug|Any CPU
		Debug|iPhone = Debug|iPhone
		Debug|iPhoneSimulator = Debug|iPhoneSimulator
		Release|Any CPU = Release|Any CPU
		Release|iPhone = Release|iPhone
		Release|iPhoneSimulator = Release|iPhoneSimulator
	EndGlobalSection
	GlobalSection(ProjectConfigurationPlatforms) = postSolution
		{23BE9C4F-4EB6-4870-BEBA-4C56A6739012}.Ad-Hoc|Any CPU.ActiveCfg = Release|Any CPU
		{23BE9C4F-4EB6-4870-BEBA-4C56A6739012}.Ad-Hoc|Any CPU.Build.0 = Release|Any CPU
		{23BE9C4F-4EB6-4870-BEBA-4C56A6739012}.Ad-Hoc|iPhone.ActiveCfg = Release|Any CPU
		{23BE9C4F-4EB6-4870-BEBA-4C56A6739012}.Ad-Hoc|iPhone.Build.0 = Release|Any CPU
		{23BE9C4F-4EB6-4870-BEBA-4C56A6739012}.Ad-Hoc|iPhoneSimulator.ActiveCfg = Release|Any CPU
		{23BE9C4F-4EB6-4870-BEBA-4C56A6739012}.Ad-Hoc|iPhoneSimulator.Build.0 = Release|Any CPU
		{23BE9C4F-4EB6-4870-BEBA-4C56A6739012}.AppStore|Any CPU.ActiveCfg = Release|Any CPU
		{23BE9C4F-4EB6-4870-BEBA-4C56A6739012}.AppStore|Any CPU.Build.0 = Release|Any CPU
		{23BE9C4F-4EB6-4870-BEBA-4C56A6739012}.AppStore|iPhone.ActiveCfg = Release|Any CPU
		{23BE9C4F-4EB6-4870-BEBA-4C56A6739012}.AppStore|iPhone.Build.0 = Release|Any CPU
		{23BE9C4F-4EB6-4870-BEBA-4C56A6739012}.AppStore|iPhoneSimulator.ActiveCfg = Release|Any CPU
		{23BE9C4F-4EB6-4870-BEBA-4C56A6739012}.AppStore|iPhoneSimulator.Build.0 = Release|Any CPU
		{23BE9C4F-4EB6-4870-BEBA-4C56A6739012}.Debug|Any CPU.ActiveCfg = Debug|Any CPU
		{23BE9C4F-4EB6-4870-BEBA-4C56A6739012}.Debug|Any CPU.Build.0 = Debug|Any CPU
		{23BE9C4F-4EB6-4870-BEBA-4C56A6739012}.Debug|iPhone.ActiveCfg = Debug|Any CPU
		{23BE9C4F-4EB6-4870-BEBA-4C56A6739012}.Debug|iPhone.Build.0 = Debug|Any CPU
		{23BE9C4F-4EB6-4870-BEBA-4C56A6739012}.Debug|iPhoneSimulator.ActiveCfg = Debug|Any CPU
		{23BE9C4F-4EB6-4870-BEBA-4C56A6739012}.Debug|iPhoneSimulator.Build.0 = Debug|Any CPU
		{23BE9C4F-4EB6-4870-BEBA-4C56A6739012}.Release|Any CPU.ActiveCfg = Release|Any CPU
		{23BE9C4F-4EB6-4870-BEBA-4C56A6739012}.Release|Any CPU.Build.0 = Release|Any CPU
		{23BE9C4F-4EB6-4870-BEBA-4C56A6739012}.Release|iPhone.ActiveCfg = Release|Any CPU
		{23BE9C4F-4EB6-4870-BEBA-4C56A6739012}.Release|iPhone.Build.0 = Release|Any CPU
		{23BE9C4F-4EB6-4870-BEBA-4C56A6739012}.Release|iPhoneSimulator.ActiveCfg = Release|Any CPU
		{23BE9C4F-4EB6-4870-BEBA-4C56A6739012}.Release|iPhoneSimulator.Build.0 = Release|Any CPU
		{C2E33C78-79AE-4C56-BA8B-18DA49069D74}.Ad-Hoc|Any CPU.ActiveCfg = Release|Any CPU
		{C2E33C78-79AE-4C56-BA8B-18DA49069D74}.Ad-Hoc|Any CPU.Build.0 = Release|Any CPU
		{C2E33C78-79AE-4C56-BA8B-18DA49069D74}.Ad-Hoc|iPhone.ActiveCfg = Release|Any CPU
		{C2E33C78-79AE-4C56-BA8B-18DA49069D74}.Ad-Hoc|iPhone.Build.0 = Release|Any CPU
		{C2E33C78-79AE-4C56-BA8B-18DA49069D74}.Ad-Hoc|iPhoneSimulator.ActiveCfg = Release|Any CPU
		{C2E33C78-79AE-4C56-BA8B-18DA49069D74}.Ad-Hoc|iPhoneSimulator.Build.0 = Release|Any CPU
		{C2E33C78-79AE-4C56-BA8B-18DA49069D74}.AppStore|Any CPU.ActiveCfg = Release|Any CPU
		{C2E33C78-79AE-4C56-BA8B-18DA49069D74}.AppStore|Any CPU.Build.0 = Release|Any CPU
		{C2E33C78-79AE-4C56-BA8B-18DA49069D74}.AppStore|iPhone.ActiveCfg = Release|Any CPU
		{C2E33C78-79AE-4C56-BA8B-18DA49069D74}.AppStore|iPhone.Build.0 = Release|Any CPU
		{C2E33C78-79AE-4C56-BA8B-18DA49069D74}.AppStore|iPhoneSimulator.ActiveCfg = Release|Any CPU
		{C2E33C78-79AE-4C56-BA8B-18DA49069D74}.AppStore|iPhoneSimulator.Build.0 = Release|Any CPU
		{C2E33C78-79AE-4C56-BA8B-18DA49069D74}.Debug|Any CPU.ActiveCfg = Debug|Any CPU
		{C2E33C78-79AE-4C56-BA8B-18DA49069D74}.Debug|Any CPU.Build.0 = Debug|Any CPU
		{C2E33C78-79AE-4C56-BA8B-18DA49069D74}.Debug|iPhone.ActiveCfg = Debug|Any CPU
		{C2E33C78-79AE-4C56-BA8B-18DA49069D74}.Debug|iPhone.Build.0 = Debug|Any CPU
		{C2E33C78-79AE-4C56-BA8B-18DA49069D74}.Debug|iPhoneSimulator.ActiveCfg = Debug|Any CPU
		{C2E33C78-79AE-4C56-BA8B-18DA49069D74}.Debug|iPhoneSimulator.Build.0 = Debug|Any CPU
		{C2E33C78-79AE-4C56-BA8B-18DA49069D74}.Release|Any CPU.ActiveCfg = Release|Any CPU
		{C2E33C78-79AE-4C56-BA8B-18DA49069D74}.Release|Any CPU.Build.0 = Release|Any CPU
		{C2E33C78-79AE-4C56-BA8B-18DA49069D74}.Release|iPhone.ActiveCfg = Release|Any CPU
		{C2E33C78-79AE-4C56-BA8B-18DA49069D74}.Release|iPhone.Build.0 = Release|Any CPU
		{C2E33C78-79AE-4C56-BA8B-18DA49069D74}.Release|iPhoneSimulator.ActiveCfg = Release|Any CPU
		{C2E33C78-79AE-4C56-BA8B-18DA49069D74}.Release|iPhoneSimulator.Build.0 = Release|Any CPU
		{46B74D6B-6A99-46D2-BE9D-194D04A9CC9B}.Ad-Hoc|Any CPU.ActiveCfg = Debug|Any CPU
		{46B74D6B-6A99-46D2-BE9D-194D04A9CC9B}.Ad-Hoc|Any CPU.Build.0 = Debug|Any CPU
		{46B74D6B-6A99-46D2-BE9D-194D04A9CC9B}.Ad-Hoc|iPhone.ActiveCfg = Debug|Any CPU
		{46B74D6B-6A99-46D2-BE9D-194D04A9CC9B}.Ad-Hoc|iPhone.Build.0 = Debug|Any CPU
		{46B74D6B-6A99-46D2-BE9D-194D04A9CC9B}.Ad-Hoc|iPhoneSimulator.ActiveCfg = Debug|Any CPU
		{46B74D6B-6A99-46D2-BE9D-194D04A9CC9B}.Ad-Hoc|iPhoneSimulator.Build.0 = Debug|Any CPU
		{46B74D6B-6A99-46D2-BE9D-194D04A9CC9B}.AppStore|Any CPU.ActiveCfg = Debug|Any CPU
		{46B74D6B-6A99-46D2-BE9D-194D04A9CC9B}.AppStore|Any CPU.Build.0 = Debug|Any CPU
		{46B74D6B-6A99-46D2-BE9D-194D04A9CC9B}.AppStore|iPhone.ActiveCfg = Debug|Any CPU
		{46B74D6B-6A99-46D2-BE9D-194D04A9CC9B}.AppStore|iPhone.Build.0 = Debug|Any CPU
		{46B74D6B-6A99-46D2-BE9D-194D04A9CC9B}.AppStore|iPhoneSimulator.ActiveCfg = Debug|Any CPU
		{46B74D6B-6A99-46D2-BE9D-194D04A9CC9B}.AppStore|iPhoneSimulator.Build.0 = Debug|Any CPU
		{46B74D6B-6A99-46D2-BE9D-194D04A9CC9B}.Debug|Any CPU.ActiveCfg = Debug|Any CPU
		{46B74D6B-6A99-46D2-BE9D-194D04A9CC9B}.Debug|Any CPU.Build.0 = Debug|Any CPU
		{46B74D6B-6A99-46D2-BE9D-194D04A9CC9B}.Debug|iPhone.ActiveCfg = Debug|Any CPU
		{46B74D6B-6A99-46D2-BE9D-194D04A9CC9B}.Debug|iPhone.Build.0 = Debug|Any CPU
		{46B74D6B-6A99-46D2-BE9D-194D04A9CC9B}.Debug|iPhoneSimulator.ActiveCfg = Debug|Any CPU
		{46B74D6B-6A99-46D2-BE9D-194D04A9CC9B}.Debug|iPhoneSimulator.Build.0 = Debug|Any CPU
		{46B74D6B-6A99-46D2-BE9D-194D04A9CC9B}.Release|Any CPU.ActiveCfg = Release|Any CPU
		{46B74D6B-6A99-46D2-BE9D-194D04A9CC9B}.Release|Any CPU.Build.0 = Release|Any CPU
		{46B74D6B-6A99-46D2-BE9D-194D04A9CC9B}.Release|iPhone.ActiveCfg = Release|Any CPU
		{46B74D6B-6A99-46D2-BE9D-194D04A9CC9B}.Release|iPhone.Build.0 = Release|Any CPU
		{46B74D6B-6A99-46D2-BE9D-194D04A9CC9B}.Release|iPhoneSimulator.ActiveCfg = Release|Any CPU
		{46B74D6B-6A99-46D2-BE9D-194D04A9CC9B}.Release|iPhoneSimulator.Build.0 = Release|Any CPU
		{9AF36C07-F3E1-430F-8FEA-CEC8C3FAAE36}.Ad-Hoc|Any CPU.ActiveCfg = Release|Any CPU
		{9AF36C07-F3E1-430F-8FEA-CEC8C3FAAE36}.Ad-Hoc|Any CPU.Build.0 = Release|Any CPU
		{9AF36C07-F3E1-430F-8FEA-CEC8C3FAAE36}.Ad-Hoc|Any CPU.Deploy.0 = Release|Any CPU
		{9AF36C07-F3E1-430F-8FEA-CEC8C3FAAE36}.Ad-Hoc|iPhone.ActiveCfg = Release|Any CPU
		{9AF36C07-F3E1-430F-8FEA-CEC8C3FAAE36}.Ad-Hoc|iPhone.Build.0 = Release|Any CPU
		{9AF36C07-F3E1-430F-8FEA-CEC8C3FAAE36}.Ad-Hoc|iPhone.Deploy.0 = Release|Any CPU
		{9AF36C07-F3E1-430F-8FEA-CEC8C3FAAE36}.Ad-Hoc|iPhoneSimulator.ActiveCfg = Release|Any CPU
		{9AF36C07-F3E1-430F-8FEA-CEC8C3FAAE36}.Ad-Hoc|iPhoneSimulator.Build.0 = Release|Any CPU
		{9AF36C07-F3E1-430F-8FEA-CEC8C3FAAE36}.Ad-Hoc|iPhoneSimulator.Deploy.0 = Release|Any CPU
		{9AF36C07-F3E1-430F-8FEA-CEC8C3FAAE36}.AppStore|Any CPU.ActiveCfg = Release|Any CPU
		{9AF36C07-F3E1-430F-8FEA-CEC8C3FAAE36}.AppStore|Any CPU.Build.0 = Release|Any CPU
		{9AF36C07-F3E1-430F-8FEA-CEC8C3FAAE36}.AppStore|Any CPU.Deploy.0 = Release|Any CPU
		{9AF36C07-F3E1-430F-8FEA-CEC8C3FAAE36}.AppStore|iPhone.ActiveCfg = Release|Any CPU
		{9AF36C07-F3E1-430F-8FEA-CEC8C3FAAE36}.AppStore|iPhone.Build.0 = Release|Any CPU
		{9AF36C07-F3E1-430F-8FEA-CEC8C3FAAE36}.AppStore|iPhone.Deploy.0 = Release|Any CPU
		{9AF36C07-F3E1-430F-8FEA-CEC8C3FAAE36}.AppStore|iPhoneSimulator.ActiveCfg = Release|Any CPU
		{9AF36C07-F3E1-430F-8FEA-CEC8C3FAAE36}.AppStore|iPhoneSimulator.Build.0 = Release|Any CPU
		{9AF36C07-F3E1-430F-8FEA-CEC8C3FAAE36}.AppStore|iPhoneSimulator.Deploy.0 = Release|Any CPU
		{9AF36C07-F3E1-430F-8FEA-CEC8C3FAAE36}.Debug|Any CPU.ActiveCfg = Debug|Any CPU
		{9AF36C07-F3E1-430F-8FEA-CEC8C3FAAE36}.Debug|Any CPU.Build.0 = Debug|Any CPU
		{9AF36C07-F3E1-430F-8FEA-CEC8C3FAAE36}.Debug|Any CPU.Deploy.0 = Debug|Any CPU
		{9AF36C07-F3E1-430F-8FEA-CEC8C3FAAE36}.Debug|iPhone.ActiveCfg = Debug|Any CPU
		{9AF36C07-F3E1-430F-8FEA-CEC8C3FAAE36}.Debug|iPhone.Build.0 = Debug|Any CPU
		{9AF36C07-F3E1-430F-8FEA-CEC8C3FAAE36}.Debug|iPhone.Deploy.0 = Debug|Any CPU
		{9AF36C07-F3E1-430F-8FEA-CEC8C3FAAE36}.Debug|iPhoneSimulator.ActiveCfg = Debug|Any CPU
		{9AF36C07-F3E1-430F-8FEA-CEC8C3FAAE36}.Debug|iPhoneSimulator.Build.0 = Debug|Any CPU
		{9AF36C07-F3E1-430F-8FEA-CEC8C3FAAE36}.Debug|iPhoneSimulator.Deploy.0 = Debug|Any CPU
		{9AF36C07-F3E1-430F-8FEA-CEC8C3FAAE36}.Release|Any CPU.ActiveCfg = Release|Any CPU
		{9AF36C07-F3E1-430F-8FEA-CEC8C3FAAE36}.Release|Any CPU.Build.0 = Release|Any CPU
		{9AF36C07-F3E1-430F-8FEA-CEC8C3FAAE36}.Release|Any CPU.Deploy.0 = Release|Any CPU
		{9AF36C07-F3E1-430F-8FEA-CEC8C3FAAE36}.Release|iPhone.ActiveCfg = Release|Any CPU
		{9AF36C07-F3E1-430F-8FEA-CEC8C3FAAE36}.Release|iPhone.Build.0 = Release|Any CPU
		{9AF36C07-F3E1-430F-8FEA-CEC8C3FAAE36}.Release|iPhone.Deploy.0 = Release|Any CPU
		{9AF36C07-F3E1-430F-8FEA-CEC8C3FAAE36}.Release|iPhoneSimulator.ActiveCfg = Release|Any CPU
		{9AF36C07-F3E1-430F-8FEA-CEC8C3FAAE36}.Release|iPhoneSimulator.Build.0 = Release|Any CPU
		{9AF36C07-F3E1-430F-8FEA-CEC8C3FAAE36}.Release|iPhoneSimulator.Deploy.0 = Release|Any CPU
		{AD0FAE7C-14AB-4A7F-B8DA-BED109DA6291}.Ad-Hoc|Any CPU.ActiveCfg = Ad-Hoc|iPhone
		{AD0FAE7C-14AB-4A7F-B8DA-BED109DA6291}.Ad-Hoc|iPhone.ActiveCfg = Ad-Hoc|iPhone
		{AD0FAE7C-14AB-4A7F-B8DA-BED109DA6291}.Ad-Hoc|iPhone.Build.0 = Ad-Hoc|iPhone
		{AD0FAE7C-14AB-4A7F-B8DA-BED109DA6291}.Ad-Hoc|iPhoneSimulator.ActiveCfg = Ad-Hoc|iPhoneSimulator
		{AD0FAE7C-14AB-4A7F-B8DA-BED109DA6291}.Ad-Hoc|iPhoneSimulator.Build.0 = Ad-Hoc|iPhoneSimulator
		{AD0FAE7C-14AB-4A7F-B8DA-BED109DA6291}.AppStore|Any CPU.ActiveCfg = AppStore|iPhone
		{AD0FAE7C-14AB-4A7F-B8DA-BED109DA6291}.AppStore|iPhone.ActiveCfg = AppStore|iPhone
		{AD0FAE7C-14AB-4A7F-B8DA-BED109DA6291}.AppStore|iPhone.Build.0 = AppStore|iPhone
		{AD0FAE7C-14AB-4A7F-B8DA-BED109DA6291}.AppStore|iPhoneSimulator.ActiveCfg = AppStore|iPhoneSimulator
		{AD0FAE7C-14AB-4A7F-B8DA-BED109DA6291}.AppStore|iPhoneSimulator.Build.0 = AppStore|iPhoneSimulator
		{AD0FAE7C-14AB-4A7F-B8DA-BED109DA6291}.Debug|Any CPU.ActiveCfg = Debug|iPhone
		{AD0FAE7C-14AB-4A7F-B8DA-BED109DA6291}.Debug|iPhone.ActiveCfg = Debug|iPhone
		{AD0FAE7C-14AB-4A7F-B8DA-BED109DA6291}.Debug|iPhone.Build.0 = Debug|iPhone
		{AD0FAE7C-14AB-4A7F-B8DA-BED109DA6291}.Debug|iPhoneSimulator.ActiveCfg = Debug|iPhoneSimulator
		{AD0FAE7C-14AB-4A7F-B8DA-BED109DA6291}.Debug|iPhoneSimulator.Build.0 = Debug|iPhoneSimulator
		{AD0FAE7C-14AB-4A7F-B8DA-BED109DA6291}.Release|Any CPU.ActiveCfg = Release|iPhone
		{AD0FAE7C-14AB-4A7F-B8DA-BED109DA6291}.Release|iPhone.ActiveCfg = Release|iPhone
		{AD0FAE7C-14AB-4A7F-B8DA-BED109DA6291}.Release|iPhone.Build.0 = Release|iPhone
		{AD0FAE7C-14AB-4A7F-B8DA-BED109DA6291}.Release|iPhoneSimulator.ActiveCfg = Release|iPhoneSimulator
		{AD0FAE7C-14AB-4A7F-B8DA-BED109DA6291}.Release|iPhoneSimulator.Build.0 = Release|iPhoneSimulator
	EndGlobalSection
	GlobalSection(SolutionProperties) = preSolution
		HideSolutionNode = FALSE
	EndGlobalSection
	GlobalSection(ExtensibilityGlobals) = postSolution
		SolutionGuid = {F87BF41A-6C96-4EAD-A8F2-72AFD967AAF8}
	EndGlobalSection
EndGlobal
